
Microsoft Visual Studio Solution File, Format Version 12.00
# Visual Studio 15
VisualStudioVersion = 15.0.27130.2036
MinimumVisualStudioVersion = 10.0.40219.1
Project("{FAE04EC0-301F-11D3-BF4B-00C04F79EFBC}") = "AdminPanel", "AdminPanel\AdminPanel.csproj", "{864A2C67-3972-4120-83E9-4053E878EAA1}"
EndProject
Project("{FAE04EC0-301F-11D3-BF4B-00C04F79EFBC}") = "DataAccessLayer", "DataAccessLayer\DataAccessLayer.csproj", "{2B1164C1-7044-458D-85DD-2A120BF39640}"
EndProject
Project("{FAE04EC0-301F-11D3-BF4B-00C04F79EFBC}") = "BusinessLogicLayer", "BusinessLogicLayer\BusinessLogicLayer.csproj", "{03D111EA-FB5B-45EB-B833-63403E009F63}"
EndProject
Project("{FAE04EC0-301F-11D3-BF4B-00C04F79EFBC}") = "Repositories", "Repositories\Repositories.csproj", "{9AA62E14-D901-4A08-A492-1234A351882D}"
EndProject
Project("{FAE04EC0-301F-11D3-BF4B-00C04F79EFBC}") = "BotChat", "BotChat\BotChat.csproj", "{3AB0EAF5-B572-4CD5-88EE-DD04C9766422}"
EndProject
Global
	GlobalSection(SolutionConfigurationPlatforms) = preSolution
		Debug|Any CPU = Debug|Any CPU
		Release|Any CPU = Release|Any CPU
	EndGlobalSection
	GlobalSection(ProjectConfigurationPlatforms) = postSolution
		{864A2C67-3972-4120-83E9-4053E878EAA1}.Debug|Any CPU.ActiveCfg = Debug|Any CPU
		{864A2C67-3972-4120-83E9-4053E878EAA1}.Debug|Any CPU.Build.0 = Debug|Any CPU
		{864A2C67-3972-4120-83E9-4053E878EAA1}.Release|Any CPU.ActiveCfg = Release|Any CPU
		{864A2C67-3972-4120-83E9-4053E878EAA1}.Release|Any CPU.Build.0 = Release|Any CPU
		{2B1164C1-7044-458D-85DD-2A120BF39640}.Debug|Any CPU.ActiveCfg = Debug|Any CPU
		{2B1164C1-7044-458D-85DD-2A120BF39640}.Debug|Any CPU.Build.0 = Debug|Any CPU
		{2B1164C1-7044-458D-85DD-2A120BF39640}.Release|Any CPU.ActiveCfg = Release|Any CPU
		{2B1164C1-7044-458D-85DD-2A120BF39640}.Release|Any CPU.Build.0 = Release|Any CPU
		{03D111EA-FB5B-45EB-B833-63403E009F63}.Debug|Any CPU.ActiveCfg = Debug|Any CPU
		{03D111EA-FB5B-45EB-B833-63403E009F63}.Debug|Any CPU.Build.0 = Debug|Any CPU
		{03D111EA-FB5B-45EB-B833-63403E009F63}.Release|Any CPU.ActiveCfg = Release|Any CPU
		{03D111EA-FB5B-45EB-B833-63403E009F63}.Release|Any CPU.Build.0 = Release|Any CPU
		{9AA62E14-D901-4A08-A492-1234A351882D}.Debug|Any CPU.ActiveCfg = Debug|Any CPU
		{9AA62E14-D901-4A08-A492-1234A351882D}.Debug|Any CPU.Build.0 = Debug|Any CPU
		{9AA62E14-D901-4A08-A492-1234A351882D}.Release|Any CPU.ActiveCfg = Release|Any CPU
		{9AA62E14-D901-4A08-A492-1234A351882D}.Release|Any CPU.Build.0 = Release|Any CPU
		{3AB0EAF5-B572-4CD5-88EE-DD04C9766422}.Debug|Any CPU.ActiveCfg = Debug|Any CPU
		{3AB0EAF5-B572-4CD5-88EE-DD04C9766422}.Debug|Any CPU.Build.0 = Debug|Any CPU
		{3AB0EAF5-B572-4CD5-88EE-DD04C9766422}.Release|Any CPU.ActiveCfg = Release|Any CPU
		{3AB0EAF5-B572-4CD5-88EE-DD04C9766422}.Release|Any CPU.Build.0 = Release|Any CPU
	EndGlobalSection
	GlobalSection(SolutionProperties) = preSolution
		HideSolutionNode = FALSE
	EndGlobalSection
	GlobalSection(ExtensibilityGlobals) = postSolution
		SolutionGuid = {C7AF6128-B38E-49F4-B147-650B80D30AC3}
	EndGlobalSection
EndGlobal
